
Microsoft Visual Studio Solution File, Format Version 12.00
# Visual Studio Version 17
VisualStudioVersion = 17.7.34221.43
MinimumVisualStudioVersion = 10.0.40219.1
Project("{9A19103F-16F7-4668-BE54-9A1E7A4F7556}") = "frontendApp", "frontendApp\frontendApp.csproj", "{C2040F37-C8DD-4B50-BF34-5E1BAC98C155}"
EndProject
Project("{9A19103F-16F7-4668-BE54-9A1E7A4F7556}") = "backendApp", "backendApp\backendApp.csproj", "{5E63AD56-0099-4602-A65C-4D1E0CB67CD4}"
EndProject
Project("{FAE04EC0-301F-11D3-BF4B-00C04F79EFBC}") = "Testing", "Testing\Testing.csproj", "{591AB403-93F9-42B3-8010-0F0897602DCF}"
EndProject
Global
	GlobalSection(SolutionConfigurationPlatforms) = preSolution
		Debug|Any CPU = Debug|Any CPU
		Release|Any CPU = Release|Any CPU
	EndGlobalSection
	GlobalSection(ProjectConfigurationPlatforms) = postSolution
		{C2040F37-C8DD-4B50-BF34-5E1BAC98C155}.Debug|Any CPU.ActiveCfg = Debug|Any CPU
		{C2040F37-C8DD-4B50-BF34-5E1BAC98C155}.Debug|Any CPU.Build.0 = Debug|Any CPU
		{C2040F37-C8DD-4B50-BF34-5E1BAC98C155}.Release|Any CPU.ActiveCfg = Release|Any CPU
		{C2040F37-C8DD-4B50-BF34-5E1BAC98C155}.Release|Any CPU.Build.0 = Release|Any CPU
		{5E63AD56-0099-4602-A65C-4D1E0CB67CD4}.Debug|Any CPU.ActiveCfg = Debug|Any CPU
		{5E63AD56-0099-4602-A65C-4D1E0CB67CD4}.Debug|Any CPU.Build.0 = Debug|Any CPU
		{5E63AD56-0099-4602-A65C-4D1E0CB67CD4}.Release|Any CPU.ActiveCfg = Release|Any CPU
		{5E63AD56-0099-4602-A65C-4D1E0CB67CD4}.Release|Any CPU.Build.0 = Release|Any CPU
		{591AB403-93F9-42B3-8010-0F0897602DCF}.Debug|Any CPU.ActiveCfg = Debug|Any CPU
		{591AB403-93F9-42B3-8010-0F0897602DCF}.Debug|Any CPU.Build.0 = Debug|Any CPU
		{591AB403-93F9-42B3-8010-0F0897602DCF}.Release|Any CPU.ActiveCfg = Release|Any CPU
		{591AB403-93F9-42B3-8010-0F0897602DCF}.Release|Any CPU.Build.0 = Release|Any CPU
	EndGlobalSection
	GlobalSection(SolutionProperties) = preSolution
		HideSolutionNode = FALSE
	EndGlobalSection
	GlobalSection(ExtensibilityGlobals) = postSolution
		SolutionGuid = {99449E21-9718-413A-AFE9-F35A87951781}
	EndGlobalSection
EndGlobal
